
Microsoft Visual Studio Solution File, Format Version 12.00
# Visual Studio Version 17
VisualStudioVersion = 17.6.33717.318
MinimumVisualStudioVersion = 10.0.40219.1
Project("{FAE04EC0-301F-11D3-BF4B-00C04F79EFBC}") = "SuperHeroApi", "SuperHeroApi\SuperHeroApi.csproj", "{1612DD97-EF2D-4FF4-AB92-7255A4CFF8B6}"
EndProject
Global
	GlobalSection(SolutionConfigurationPlatforms) = preSolution
		Debug|Any CPU = Debug|Any CPU
		Release|Any CPU = Release|Any CPU
	EndGlobalSection
	GlobalSection(ProjectConfigurationPlatforms) = postSolution
		{1612DD97-EF2D-4FF4-AB92-7255A4CFF8B6}.Debug|Any CPU.ActiveCfg = Debug|Any CPU
		{1612DD97-EF2D-4FF4-AB92-7255A4CFF8B6}.Debug|Any CPU.Build.0 = Debug|Any CPU
		{1612DD97-EF2D-4FF4-AB92-7255A4CFF8B6}.Release|Any CPU.ActiveCfg = Release|Any CPU
		{1612DD97-EF2D-4FF4-AB92-7255A4CFF8B6}.Release|Any CPU.Build.0 = Release|Any CPU
	EndGlobalSection
	GlobalSection(SolutionProperties) = preSolution
		HideSolutionNode = FALSE
	EndGlobalSection
	GlobalSection(ExtensibilityGlobals) = postSolution
		SolutionGuid = {2C6455F0-54F0-4C8C-956D-A70F2EC741D1}
	EndGlobalSection
EndGlobal
